
Microsoft Visual Studio Solution File, Format Version 12.00
# Visual Studio 15
VisualStudioVersion = 15.0.28307.136
MinimumVisualStudioVersion = 10.0.40219.1
Project("{FAE04EC0-301F-11D3-BF4B-00C04F79EFBC}") = "Ecaportion.Android", "Ecaportion\Ecaportion.Android\Ecaportion.Android.csproj", "{E38A49AA-47BA-4828-B0BB-6AB91EF15980}"
EndProject
Project("{FAE04EC0-301F-11D3-BF4B-00C04F79EFBC}") = "Ecaportion.iOS", "Ecaportion\Ecaportion.iOS\Ecaportion.iOS.csproj", "{D598A0B9-BAFA-4E5E-BE76-5B3CCA5E8523}"
EndProject
Project("{D954291E-2A0B-460D-934E-DC6B0785DB48}") = "Ecaportion", "Ecaportion\Ecaportion\Ecaportion.shproj", "{10F6D30A-5FDB-4E3A-9D61-C00091620623}"
EndProject
Global
	GlobalSection(SharedMSBuildProjectFiles) = preSolution
		Ecaportion\Ecaportion\Ecaportion.projitems*{10f6d30a-5fdb-4e3a-9d61-c00091620623}*SharedItemsImports = 13
		Ecaportion\Ecaportion\Ecaportion.projitems*{d598a0b9-bafa-4e5e-be76-5b3cca5e8523}*SharedItemsImports = 4
		Ecaportion\Ecaportion\Ecaportion.projitems*{e38a49aa-47ba-4828-b0bb-6ab91ef15980}*SharedItemsImports = 4
	EndGlobalSection
	GlobalSection(SolutionConfigurationPlatforms) = preSolution
		Ad-Hoc|Any CPU = Ad-Hoc|Any CPU
		Ad-Hoc|iPhone = Ad-Hoc|iPhone
		Ad-Hoc|iPhoneSimulator = Ad-Hoc|iPhoneSimulator
		AppStore|Any CPU = AppStore|Any CPU
		AppStore|iPhone = AppStore|iPhone
		AppStore|iPhoneSimulator = AppStore|iPhoneSimulator
		Debug|Any CPU = Debug|Any CPU
		Debug|iPhone = Debug|iPhone
		Debug|iPhoneSimulator = Debug|iPhoneSimulator
		Release|Any CPU = Release|Any CPU
		Release|iPhone = Release|iPhone
		Release|iPhoneSimulator = Release|iPhoneSimulator
	EndGlobalSection
	GlobalSection(ProjectConfigurationPlatforms) = postSolution
		{E38A49AA-47BA-4828-B0BB-6AB91EF15980}.Ad-Hoc|Any CPU.ActiveCfg = Release|Any CPU
		{E38A49AA-47BA-4828-B0BB-6AB91EF15980}.Ad-Hoc|Any CPU.Build.0 = Release|Any CPU
		{E38A49AA-47BA-4828-B0BB-6AB91EF15980}.Ad-Hoc|Any CPU.Deploy.0 = Release|Any CPU
		{E38A49AA-47BA-4828-B0BB-6AB91EF15980}.Ad-Hoc|iPhone.ActiveCfg = Release|Any CPU
		{E38A49AA-47BA-4828-B0BB-6AB91EF15980}.Ad-Hoc|iPhone.Build.0 = Release|Any CPU
		{E38A49AA-47BA-4828-B0BB-6AB91EF15980}.Ad-Hoc|iPhone.Deploy.0 = Release|Any CPU
		{E38A49AA-47BA-4828-B0BB-6AB91EF15980}.Ad-Hoc|iPhoneSimulator.ActiveCfg = Release|Any CPU
		{E38A49AA-47BA-4828-B0BB-6AB91EF15980}.Ad-Hoc|iPhoneSimulator.Build.0 = Release|Any CPU
		{E38A49AA-47BA-4828-B0BB-6AB91EF15980}.Ad-Hoc|iPhoneSimulator.Deploy.0 = Release|Any CPU
		{E38A49AA-47BA-4828-B0BB-6AB91EF15980}.AppStore|Any CPU.ActiveCfg = Release|Any CPU
		{E38A49AA-47BA-4828-B0BB-6AB91EF15980}.AppStore|Any CPU.Build.0 = Release|Any CPU
		{E38A49AA-47BA-4828-B0BB-6AB91EF15980}.AppStore|Any CPU.Deploy.0 = Release|Any CPU
		{E38A49AA-47BA-4828-B0BB-6AB91EF15980}.AppStore|iPhone.ActiveCfg = Release|Any CPU
		{E38A49AA-47BA-4828-B0BB-6AB91EF15980}.AppStore|iPhone.Build.0 = Release|Any CPU
		{E38A49AA-47BA-4828-B0BB-6AB91EF15980}.AppStore|iPhone.Deploy.0 = Release|Any CPU
		{E38A49AA-47BA-4828-B0BB-6AB91EF15980}.AppStore|iPhoneSimulator.ActiveCfg = Release|Any CPU
		{E38A49AA-47BA-4828-B0BB-6AB91EF15980}.AppStore|iPhoneSimulator.Build.0 = Release|Any CPU
		{E38A49AA-47BA-4828-B0BB-6AB91EF15980}.AppStore|iPhoneSimulator.Deploy.0 = Release|Any CPU
		{E38A49AA-47BA-4828-B0BB-6AB91EF15980}.Debug|Any CPU.ActiveCfg = Debug|Any CPU
		{E38A49AA-47BA-4828-B0BB-6AB91EF15980}.Debug|Any CPU.Build.0 = Debug|Any CPU
		{E38A49AA-47BA-4828-B0BB-6AB91EF15980}.Debug|Any CPU.Deploy.0 = Debug|Any CPU
		{E38A49AA-47BA-4828-B0BB-6AB91EF15980}.Debug|iPhone.ActiveCfg = Debug|Any CPU
		{E38A49AA-47BA-4828-B0BB-6AB91EF15980}.Debug|iPhone.Build.0 = Debug|Any CPU
		{E38A49AA-47BA-4828-B0BB-6AB91EF15980}.Debug|iPhone.Deploy.0 = Debug|Any CPU
		{E38A49AA-47BA-4828-B0BB-6AB91EF15980}.Debug|iPhoneSimulator.ActiveCfg = Debug|Any CPU
		{E38A49AA-47BA-4828-B0BB-6AB91EF15980}.Debug|iPhoneSimulator.Build.0 = Debug|Any CPU
		{E38A49AA-47BA-4828-B0BB-6AB91EF15980}.Debug|iPhoneSimulator.Deploy.0 = Debug|Any CPU
		{E38A49AA-47BA-4828-B0BB-6AB91EF15980}.Release|Any CPU.ActiveCfg = Release|Any CPU
		{E38A49AA-47BA-4828-B0BB-6AB91EF15980}.Release|Any CPU.Build.0 = Release|Any CPU
		{E38A49AA-47BA-4828-B0BB-6AB91EF15980}.Release|Any CPU.Deploy.0 = Release|Any CPU
		{E38A49AA-47BA-4828-B0BB-6AB91EF15980}.Release|iPhone.ActiveCfg = Release|Any CPU
		{E38A49AA-47BA-4828-B0BB-6AB91EF15980}.Release|iPhone.Build.0 = Release|Any CPU
		{E38A49AA-47BA-4828-B0BB-6AB91EF15980}.Release|iPhone.Deploy.0 = Release|Any CPU
		{E38A49AA-47BA-4828-B0BB-6AB91EF15980}.Release|iPhoneSimulator.ActiveCfg = Release|Any CPU
		{E38A49AA-47BA-4828-B0BB-6AB91EF15980}.Release|iPhoneSimulator.Build.0 = Release|Any CPU
		{E38A49AA-47BA-4828-B0BB-6AB91EF15980}.Release|iPhoneSimulator.Deploy.0 = Release|Any CPU
		{D598A0B9-BAFA-4E5E-BE76-5B3CCA5E8523}.Ad-Hoc|Any CPU.ActiveCfg = Ad-Hoc|iPhone
		{D598A0B9-BAFA-4E5E-BE76-5B3CCA5E8523}.Ad-Hoc|Any CPU.Build.0 = Ad-Hoc|iPhone
		{D598A0B9-BAFA-4E5E-BE76-5B3CCA5E8523}.Ad-Hoc|Any CPU.Deploy.0 = Ad-Hoc|iPhone
		{D598A0B9-BAFA-4E5E-BE76-5B3CCA5E8523}.Ad-Hoc|iPhone.ActiveCfg = Ad-Hoc|iPhone
		{D598A0B9-BAFA-4E5E-BE76-5B3CCA5E8523}.Ad-Hoc|iPhone.Build.0 = Ad-Hoc|iPhone
		{D598A0B9-BAFA-4E5E-BE76-5B3CCA5E8523}.Ad-Hoc|iPhone.Deploy.0 = Ad-Hoc|iPhone
		{D598A0B9-BAFA-4E5E-BE76-5B3CCA5E8523}.Ad-Hoc|iPhoneSimulator.ActiveCfg = Ad-Hoc|iPhoneSimulator
		{D598A0B9-BAFA-4E5E-BE76-5B3CCA5E8523}.Ad-Hoc|iPhoneSimulator.Build.0 = Ad-Hoc|iPhoneSimulator
		{D598A0B9-BAFA-4E5E-BE76-5B3CCA5E8523}.Ad-Hoc|iPhoneSimulator.Deploy.0 = Ad-Hoc|iPhoneSimulator
		{D598A0B9-BAFA-4E5E-BE76-5B3CCA5E8523}.AppStore|Any CPU.ActiveCfg = AppStore|iPhone
		{D598A0B9-BAFA-4E5E-BE76-5B3CCA5E8523}.AppStore|Any CPU.Build.0 = AppStore|iPhone
		{D598A0B9-BAFA-4E5E-BE76-5B3CCA5E8523}.AppStore|Any CPU.Deploy.0 = AppStore|iPhone
		{D598A0B9-BAFA-4E5E-BE76-5B3CCA5E8523}.AppStore|iPhone.ActiveCfg = AppStore|iPhone
		{D598A0B9-BAFA-4E5E-BE76-5B3CCA5E8523}.AppStore|iPhone.Build.0 = AppStore|iPhone
		{D598A0B9-BAFA-4E5E-BE76-5B3CCA5E8523}.AppStore|iPhone.Deploy.0 = AppStore|iPhone
		{D598A0B9-BAFA-4E5E-BE76-5B3CCA5E8523}.AppStore|iPhoneSimulator.ActiveCfg = AppStore|iPhoneSimulator
		{D598A0B9-BAFA-4E5E-BE76-5B3CCA5E8523}.AppStore|iPhoneSimulator.Build.0 = AppStore|iPhoneSimulator
		{D598A0B9-BAFA-4E5E-BE76-5B3CCA5E8523}.AppStore|iPhoneSimulator.Deploy.0 = AppStore|iPhoneSimulator
		{D598A0B9-BAFA-4E5E-BE76-5B3CCA5E8523}.Debug|Any CPU.ActiveCfg = Debug|iPhoneSimulator
		{D598A0B9-BAFA-4E5E-BE76-5B3CCA5E8523}.Debug|Any CPU.Build.0 = Debug|iPhoneSimulator
		{D598A0B9-BAFA-4E5E-BE76-5B3CCA5E8523}.Debug|Any CPU.Deploy.0 = Debug|iPhoneSimulator
		{D598A0B9-BAFA-4E5E-BE76-5B3CCA5E8523}.Debug|iPhone.ActiveCfg = Debug|iPhone
		{D598A0B9-BAFA-4E5E-BE76-5B3CCA5E8523}.Debug|iPhone.Build.0 = Debug|iPhone
		{D598A0B9-BAFA-4E5E-BE76-5B3CCA5E8523}.Debug|iPhone.Deploy.0 = Debug|iPhone
		{D598A0B9-BAFA-4E5E-BE76-5B3CCA5E8523}.Debug|iPhoneSimulator.ActiveCfg = Debug|iPhoneSimulator
		{D598A0B9-BAFA-4E5E-BE76-5B3CCA5E8523}.Debug|iPhoneSimulator.Build.0 = Debug|iPhoneSimulator
		{D598A0B9-BAFA-4E5E-BE76-5B3CCA5E8523}.Debug|iPhoneSimulator.Deploy.0 = Debug|iPhoneSimulator
		{D598A0B9-BAFA-4E5E-BE76-5B3CCA5E8523}.Release|Any CPU.ActiveCfg = Release|iPhone
		{D598A0B9-BAFA-4E5E-BE76-5B3CCA5E8523}.Release|Any CPU.Build.0 = Release|iPhone
		{D598A0B9-BAFA-4E5E-BE76-5B3CCA5E8523}.Release|Any CPU.Deploy.0 = Release|iPhone
		{D598A0B9-BAFA-4E5E-BE76-5B3CCA5E8523}.Release|iPhone.ActiveCfg = Release|iPhone
		{D598A0B9-BAFA-4E5E-BE76-5B3CCA5E8523}.Release|iPhone.Build.0 = Release|iPhone
		{D598A0B9-BAFA-4E5E-BE76-5B3CCA5E8523}.Release|iPhone.Deploy.0 = Release|iPhone
		{D598A0B9-BAFA-4E5E-BE76-5B3CCA5E8523}.Release|iPhoneSimulator.ActiveCfg = Release|iPhoneSimulator
		{D598A0B9-BAFA-4E5E-BE76-5B3CCA5E8523}.Release|iPhoneSimulator.Build.0 = Release|iPhoneSimulator
		{D598A0B9-BAFA-4E5E-BE76-5B3CCA5E8523}.Release|iPhoneSimulator.Deploy.0 = Release|iPhoneSimulator
	EndGlobalSection
	GlobalSection(SolutionProperties) = preSolution
		HideSolutionNode = FALSE
	EndGlobalSection
	GlobalSection(ExtensibilityGlobals) = postSolution
		SolutionGuid = {1BF5E9CE-B636-4140-982F-6735821EE8DA}
	EndGlobalSection
EndGlobal
